
Microsoft Visual Studio Solution File, Format Version 12.00
# Visual Studio Version 17
VisualStudioVersion = 17.3.32929.385
MinimumVisualStudioVersion = 10.0.40219.1
Project("{FAE04EC0-301F-11D3-BF4B-00C04F79EFBC}") = "MidtermExamProject2", "MidtermExamProject2\MidtermExamProject2.csproj", "{65C01ED4-0A71-45EF-B69E-A2726F44E2FC}"
EndProject
Global
	GlobalSection(SolutionConfigurationPlatforms) = preSolution
		Debug|Any CPU = Debug|Any CPU
		Release|Any CPU = Release|Any CPU
	EndGlobalSection
	GlobalSection(ProjectConfigurationPlatforms) = postSolution
		{65C01ED4-0A71-45EF-B69E-A2726F44E2FC}.Debug|Any CPU.ActiveCfg = Debug|Any CPU
		{65C01ED4-0A71-45EF-B69E-A2726F44E2FC}.Debug|Any CPU.Build.0 = Debug|Any CPU
		{65C01ED4-0A71-45EF-B69E-A2726F44E2FC}.Release|Any CPU.ActiveCfg = Release|Any CPU
		{65C01ED4-0A71-45EF-B69E-A2726F44E2FC}.Release|Any CPU.Build.0 = Release|Any CPU
	EndGlobalSection
	GlobalSection(SolutionProperties) = preSolution
		HideSolutionNode = FALSE
	EndGlobalSection
	GlobalSection(ExtensibilityGlobals) = postSolution
		SolutionGuid = {7DFCD0D5-7419-4C5E-90F4-141D73020191}
	EndGlobalSection
EndGlobal
